
Microsoft Visual Studio Solution File, Format Version 12.00
# Visual Studio 15
VisualStudioVersion = 15.0.27428.2037
MinimumVisualStudioVersion = 10.0.40219.1
Project("{9A19103F-16F7-4668-BE54-9A1E7A4F7556}") = "SimpleBankSystem", "SimpleBankSystem\SimpleBankSystem.csproj", "{354B3002-0D73-4556-80B4-A93A5A769F3A}"
EndProject
Project("{9A19103F-16F7-4668-BE54-9A1E7A4F7556}") = "SimpleBankSystem.Data", "SimpleBankSystem.Data\SimpleBankSystem.Data.csproj", "{8B7150C7-D313-4F5C-AB48-6C2FFCFC51EC}"
EndProject
Project("{9A19103F-16F7-4668-BE54-9A1E7A4F7556}") = "SimpleBankSystem.Test", "SimpleBankSystem.Test\SimpleBankSystem.Test.csproj", "{94FE951B-C161-417D-A626-FC4380B45FE9}"
EndProject
Global
	GlobalSection(SolutionConfigurationPlatforms) = preSolution
		Debug|Any CPU = Debug|Any CPU
		Release|Any CPU = Release|Any CPU
	EndGlobalSection
	GlobalSection(ProjectConfigurationPlatforms) = postSolution
		{354B3002-0D73-4556-80B4-A93A5A769F3A}.Debug|Any CPU.ActiveCfg = Debug|Any CPU
		{354B3002-0D73-4556-80B4-A93A5A769F3A}.Debug|Any CPU.Build.0 = Debug|Any CPU
		{354B3002-0D73-4556-80B4-A93A5A769F3A}.Release|Any CPU.ActiveCfg = Release|Any CPU
		{354B3002-0D73-4556-80B4-A93A5A769F3A}.Release|Any CPU.Build.0 = Release|Any CPU
		{8B7150C7-D313-4F5C-AB48-6C2FFCFC51EC}.Debug|Any CPU.ActiveCfg = Debug|Any CPU
		{8B7150C7-D313-4F5C-AB48-6C2FFCFC51EC}.Debug|Any CPU.Build.0 = Debug|Any CPU
		{8B7150C7-D313-4F5C-AB48-6C2FFCFC51EC}.Release|Any CPU.ActiveCfg = Release|Any CPU
		{8B7150C7-D313-4F5C-AB48-6C2FFCFC51EC}.Release|Any CPU.Build.0 = Release|Any CPU
		{94FE951B-C161-417D-A626-FC4380B45FE9}.Debug|Any CPU.ActiveCfg = Debug|Any CPU
		{94FE951B-C161-417D-A626-FC4380B45FE9}.Debug|Any CPU.Build.0 = Debug|Any CPU
		{94FE951B-C161-417D-A626-FC4380B45FE9}.Release|Any CPU.ActiveCfg = Release|Any CPU
		{94FE951B-C161-417D-A626-FC4380B45FE9}.Release|Any CPU.Build.0 = Release|Any CPU
	EndGlobalSection
	GlobalSection(SolutionProperties) = preSolution
		HideSolutionNode = FALSE
	EndGlobalSection
	GlobalSection(ExtensibilityGlobals) = postSolution
		SolutionGuid = {23164EA2-DBF8-458E-8AF8-DFAA757D9FAD}
	EndGlobalSection
EndGlobal
